<?xml version="1.0" encoding="utf-8"?>
<Project ToolsVersion="4.0" xmlns="http://schemas.microsoft.com/developer/msbuild/2003">
  <ItemGroup>
    <ClCompile Include="main.cpp">
      <Filter>win32</Filter>
    </ClCompile>
    <ClCompile Include="fbxutil.cpp">
      <Filter>importers</Filter>
    </ClCompile>
    <ClCompile Include="win32.cpp">
      <Filter>win32</Filter>
    </ClCompile>
    <ClCompile Include="entities.cpp" />
    <ClCompile Include="interfaces.cpp" />
    <ClCompile Include="primitives.cpp" />
    <ClCompile Include="ec.cpp">
      <Filter>win32</Filter>
    </ClCompile>
  </ItemGroup>
  <ItemGroup>
    <ClInclude Include="win32.h">
      <Filter>win32</Filter>
    </ClInclude>
    <ClInclude Include="fbxutil.h">
      <Filter>importers</Filter>
    </ClInclude>
    <ClInclude Include="entities.h" />
    <ClInclude Include="primitives.h" />
    <ClInclude Include="interfaces.h" />
  </ItemGroup>
  <ItemGroup>
    <Filter Include="win32">
      <UniqueIdentifier>{5aba703e-82ba-43ca-bf63-a319167ebb4e}</UniqueIdentifier>
    </Filter>
    <Filter Include="importers">
      <UniqueIdentifier>{47efae74-b238-4d58-bb97-898567eaccca}</UniqueIdentifier>
    </Filter>
  </ItemGroup>
</Project>