<?xml version="1.0" encoding="utf-8"?>
<Project ToolsVersion="4.0" xmlns="http://schemas.microsoft.com/developer/msbuild/2003">
  <ItemGroup>
    <Filter Include="Common">
      <UniqueIdentifier>{ebef4071-7a9b-4075-9f2c-050673031288}</UniqueIdentifier>
    </Filter>
    <Filter Include="Android">
      <UniqueIdentifier>{a70132d0-a52b-452f-91cc-421d934c4eb2}</UniqueIdentifier>
    </Filter>
    <Filter Include="Win32">
      <UniqueIdentifier>{e87e9899-61f2-4f14-bb02-b3bd0e7a8cdb}</UniqueIdentifier>
    </Filter>
    <Filter Include="Makefiles">
      <UniqueIdentifier>{f58d3918-0949-41de-a0d9-cda4a0dfa009}</UniqueIdentifier>
    </Filter>
    <Filter Include="Plugins">
      <UniqueIdentifier>{cc9487c7-84e5-415f-a8b8-cd99d51acc1c}</UniqueIdentifier>
    </Filter>
  </ItemGroup>
  <ItemGroup>
    <ClCompile Include="src\entities.cpp">
      <Filter>Common</Filter>
    </ClCompile>
    <ClCompile Include="src\imgjpg.cpp">
      <Filter>Common</Filter>
    </ClCompile>
    <ClCompile Include="src\imgpng.cpp">
      <Filter>Common</Filter>
    </ClCompile>
    <ClCompile Include="src\imgtga.cpp">
      <Filter>Common</Filter>
    </ClCompile>
    <ClCompile Include="src\interfaces.cpp">
      <Filter>Common</Filter>
    </ClCompile>
    <ClCompile Include="src\primitives.cpp">
      <Filter>Common</Filter>
    </ClCompile>
    <ClCompile Include="src\shaders.cpp">
      <Filter>Common</Filter>
    </ClCompile>
    <ClCompile Include="src\win32.cpp">
      <Filter>Win32</Filter>
    </ClCompile>
    <ClCompile Include="src\main.cpp">
      <Filter>Win32</Filter>
    </ClCompile>
    <ClCompile Include="src\EngineAndroid.cpp">
      <Filter>Android</Filter>
    </ClCompile>
    <ClCompile Include="src\IdeAndroid.cpp">
      <Filter>Plugins</Filter>
    </ClCompile>
    <ClCompile Include="src\fbxutil_fbx.cpp">
      <Filter>Plugins</Filter>
    </ClCompile>
    <ClCompile Include="src\fbxutil.cpp">
      <Filter>Plugins</Filter>
    </ClCompile>
  </ItemGroup>
  <ItemGroup>
    <ClInclude Include="src\entities.h">
      <Filter>Common</Filter>
    </ClInclude>
    <ClInclude Include="src\imgjpg.h">
      <Filter>Common</Filter>
    </ClInclude>
    <ClInclude Include="src\imgpng.h">
      <Filter>Common</Filter>
    </ClInclude>
    <ClInclude Include="src\imgtga.h">
      <Filter>Common</Filter>
    </ClInclude>
    <ClInclude Include="src\interfaces.h">
      <Filter>Common</Filter>
    </ClInclude>
    <ClInclude Include="src\primitives.h">
      <Filter>Common</Filter>
    </ClInclude>
    <ClInclude Include="src\win32.h">
      <Filter>Win32</Filter>
    </ClInclude>
    <ClInclude Include="src\EngineAndroid.h">
      <Filter>Android</Filter>
    </ClInclude>
    <ClInclude Include="src\IdeAndroid.h">
      <Filter>Plugins</Filter>
    </ClInclude>
    <ClInclude Include="src\fbxutil.h">
      <Filter>Plugins</Filter>
    </ClInclude>
  </ItemGroup>
  <ItemGroup>
    <None Include="src\targets\android\src\com\android\Engine\EngineActivity.java">
      <Filter>Android</Filter>
    </None>
    <None Include="src\targets\android\src\com\android\Engine\EngineLib.java">
      <Filter>Android</Filter>
    </None>
    <None Include="src\targets\android\src\com\android\Engine\EngineView.java">
      <Filter>Android</Filter>
    </None>
    <None Include="makefile">
      <Filter>Makefiles</Filter>
    </None>
    <None Include="build\win32\x86\debug\makefile">
      <Filter>Makefiles</Filter>
    </None>
    <None Include="build\win32\x86\debug\makefile-ms">
      <Filter>Makefiles</Filter>
    </None>
  </ItemGroup>
</Project>