<?xml version="1.0" encoding="UTF-8" standalone="yes" ?>
<CodeBlocks_project_file>
	<FileVersion major="1" minor="6" />
	<Project>
		<Option title="Engine" />
		<Option makefile="makefile" />
		<Option makefile_is_custom="1" />
		<Option pch_mode="2" />
		<Option compiler="gcc" />
		<Option virtualFolders="Android\;Common\;Win32\;" />
		<Build>
			<Target title="x86d">
				<Option output="./build/win32/x86/debug/engineMingW" prefix_auto="1" extension_auto="1" />
				<Option object_output="/build/win32/x86/debug/MINGW" />
				<Option deps_output="/" />
				<Option type="0" />
				<Option compiler="gcc" />
				<Compiler>
					<Add option="-Wall" />
					<Add option="-g" />
					<Add option="-O0" />
					<Add directory="c:/sdk/openGL/" />
					<Add directory="c:/sdk/Autodesk/FBX/FBX SDK/2014.1/include/" />
				</Compiler>
				<Linker>
					<Add library="opengl32.lib" />
					<Add library="d3d11.lib" />
					<Add library="comctl32.lib" />
					<Add library="Shlwapi.lib" />
					<Add library="d2d1.lib" />
					<Add library="dwrite.lib" />
					<Add library="windowscodecs.lib" />
					<Add library="dxgi.lib" />
					<Add library="winmm.lib" />
					<Add library="kernel32.lib" />
					<Add library="user32.lib" />
					<Add library="gdi32.lib" />
					<Add library="winspool.lib" />
					<Add library="comdlg32.lib" />
					<Add library="advapi32.lib" />
					<Add library="shell32.lib" />
					<Add library="ole32.lib" />
					<Add library="oleaut32.lib" />
					<Add library="uuid.lib" />
					<Add library="odbc32.lib" />
					<Add library="odbccp32.lib" />
					<Add directory="c:/sdk/Autodesk/FBX/FBX SDK/2014.1/lib/vs2010/x86/debug/" />
				</Linker>
			</Target>
			<Target title="FbxPlugin Win32">
				<Option output="FbxPlugin/Engine_FbxPlugin" prefix_auto="1" extension_auto="1" />
				<Option object_output="FbxPlugin/" />
				<Option deps_output="FbxPlugin/" />
				<Option type="3" />
				<Option compiler="gcc" />
				<Option createDefFile="1" />
				<Option createStaticLib="1" />
				<Compiler>
					<Add option="-O0" />
					<Add option="-Wall" />
					<Add directory="c:/sdk/openGL/" />
					<Add directory="c:/sdk/Autodesk/FBX/FBX SDK/2014.1/include/" />
				</Compiler>
				<Linker>
					<Add library="opengl32.lib" />
					<Add library="d3d11.lib" />
					<Add library="comctl32.lib" />
					<Add library="Shlwapi.lib" />
					<Add library="d2d1.lib" />
					<Add library="dwrite.lib" />
					<Add library="windowscodecs.lib" />
					<Add library="dxgi.lib" />
					<Add library="winmm.lib" />
					<Add library="libfbxsdk-md.lib" />
					<Add library="kernel32.lib" />
					<Add library="user32.lib" />
					<Add library="gdi32.lib" />
					<Add library="winspool.lib" />
					<Add library="comdlg32.lib" />
					<Add library="advapi32.lib" />
					<Add library="shell32.lib" />
					<Add library="ole32.lib" />
					<Add library="oleaut32.lib" />
					<Add library="uuid.lib" />
					<Add library="odbc32.lib" />
					<Add library="odbccp32.lib" />
					<Add directory="c:/sdk/Autodesk/FBX/FBX SDK/2014.1/lib/vs2010/x86/debug/" />
				</Linker>
			</Target>
			<Target title="FbxPlugin x64">
				<Option output="FbxPlugin/Engine" prefix_auto="1" extension_auto="1" />
				<Option object_output="FbxPlugin/" />
				<Option deps_output="FbxPlugin/" />
				<Option type="0" />
				<Option compiler="gcc" />
				<Compiler>
					<Add option="-O0" />
					<Add option="-Wall" />
					<Add directory="c:/sdk/openGL/" />
					<Add directory="c:/sdk/Autodesk/FBX/FBX SDK/2014.1/include/" />
				</Compiler>
				<Linker>
					<Add library="opengl32.lib" />
					<Add library="d3d11.lib" />
					<Add library="comctl32.lib" />
					<Add library="Shlwapi.lib" />
					<Add library="libfbxsdk-md.lib" />
					<Add library="d2d1.lib" />
					<Add library="dwrite.lib" />
					<Add library="windowscodecs.lib" />
					<Add library="dxgi.lib" />
					<Add library="winmm.lib" />
					<Add library="kernel32.lib" />
					<Add library="user32.lib" />
					<Add library="gdi32.lib" />
					<Add library="winspool.lib" />
					<Add library="comdlg32.lib" />
					<Add library="advapi32.lib" />
					<Add library="shell32.lib" />
					<Add library="ole32.lib" />
					<Add library="oleaut32.lib" />
					<Add library="uuid.lib" />
					<Add library="odbc32.lib" />
					<Add library="odbccp32.lib" />
					<Add directory="c:/sdk/Autodesk/FBX/FBX SDK/2014.1/lib/vs2010/x64/debug/" />
				</Linker>
				<ExtraCommands>
					<Add after='copy &quot;C:\Sdk\glew-1.12.0\bin\Release\Win32\glew32.dll&quot; &quot;FbxPlugin\glew32.dll&quot; &#x0A;copy &quot;C:\Sdk\glew-1.12.0\bin\Release MX\Win32\glew32mx.dll&quot; &quot;FbxPlugin\glew32mx.dll&quot; &#x0A;cd $(MSBuildProjectDirectory)\tmp&#x0A;del *.obj&#x0A;del *.lib&#x0A;copy &quot;$(MSBuildProjectDirectory)\$(IntermediateOutputPath)\*.obj&quot; &quot;$(MSBuildProjectDirectory)\tmp&quot; ' />
				</ExtraCommands>
			</Target>
			<Target title="Debug x64">
				<Option output="Debug/Engine" prefix_auto="1" extension_auto="1" />
				<Option object_output="Debug/" />
				<Option deps_output="Debug/" />
				<Option type="0" />
				<Option compiler="gcc" />
				<Compiler>
					<Add option="-g" />
					<Add option="-O0" />
					<Add option="-Wall" />
					<Add directory="c:/sdk/openGL/" />
					<Add directory="c:/sdk/Autodesk/FBX/FBX SDK/2014.1/include/" />
				</Compiler>
				<Linker>
					<Add library="opengl32.lib" />
					<Add library="d3d11.lib" />
					<Add library="comctl32.lib" />
					<Add library="Shlwapi.lib" />
					<Add library="libfbxsdk-md.lib" />
					<Add library="d2d1.lib" />
					<Add library="dwrite.lib" />
					<Add library="windowscodecs.lib" />
					<Add library="dxgi.lib" />
					<Add library="winmm.lib" />
					<Add library="kernel32.lib" />
					<Add library="user32.lib" />
					<Add library="gdi32.lib" />
					<Add library="winspool.lib" />
					<Add library="comdlg32.lib" />
					<Add library="advapi32.lib" />
					<Add library="shell32.lib" />
					<Add library="ole32.lib" />
					<Add library="oleaut32.lib" />
					<Add library="uuid.lib" />
					<Add library="odbc32.lib" />
					<Add library="odbccp32.lib" />
					<Add directory="c:/sdk/Autodesk/FBX/FBX SDK/2014.1/lib/vs2010/x64/debug/" />
				</Linker>
				<ExtraCommands>
					<Add after='copy &quot;C:\Sdk\glew-1.12.0\bin\Release\Win32\glew32.dll&quot; &quot;Debug\glew32.dll&quot; &#x0A;copy &quot;C:\Sdk\glew-1.12.0\bin\Release MX\Win32\glew32mx.dll&quot; &quot;Debug\glew32mx.dll&quot; &#x0A;cd $(MSBuildProjectDirectory)\tmp&#x0A;del *.obj&#x0A;del *.lib&#x0A;copy &quot;$(MSBuildProjectDirectory)\$(IntermediateOutputPath)\*.obj&quot; &quot;$(MSBuildProjectDirectory)\tmp&quot; ' />
				</ExtraCommands>
			</Target>
			<Target title="Release x64">
				<Option output="Release/Engine" prefix_auto="1" extension_auto="1" />
				<Option object_output="Release/" />
				<Option deps_output="Release/" />
				<Option type="0" />
				<Option compiler="gcc" />
				<Compiler>
					<Add option="-O0" />
					<Add option="-Wall" />
					<Add directory="c:/sdk/openGL/" />
					<Add directory="c:/sdk/Autodesk/FBX/FBX SDK/2014.1/include/" />
				</Compiler>
				<Linker>
					<Add library="opengl32.lib" />
					<Add library="d3d11.lib" />
					<Add library="comctl32.lib" />
					<Add library="Shlwapi.lib" />
					<Add library="libfbxsdk-md.lib" />
					<Add library="d2d1.lib" />
					<Add library="dwrite.lib" />
					<Add library="windowscodecs.lib" />
					<Add library="dxgi.lib" />
					<Add library="winmm.lib" />
					<Add library="kernel32.lib" />
					<Add library="user32.lib" />
					<Add library="gdi32.lib" />
					<Add library="winspool.lib" />
					<Add library="comdlg32.lib" />
					<Add library="advapi32.lib" />
					<Add library="shell32.lib" />
					<Add library="ole32.lib" />
					<Add library="oleaut32.lib" />
					<Add library="uuid.lib" />
					<Add library="odbc32.lib" />
					<Add library="odbccp32.lib" />
					<Add directory="c:/sdk/Autodesk/FBX/FBX SDK/2014.1/lib/vs2010/x86/release/" />
				</Linker>
			</Target>
			<Target title="Release Win32">
				<Option output="Release/Engine" prefix_auto="1" extension_auto="1" />
				<Option object_output="Release/" />
				<Option deps_output="Release/" />
				<Option type="0" />
				<Option compiler="gcc" />
				<Compiler>
					<Add option="-O0" />
					<Add option="-Wall" />
					<Add directory="c:/sdk/openGL/" />
					<Add directory="c:/sdk/Autodesk/FBX/FBX SDK/2014.1/include/" />
				</Compiler>
				<Linker>
					<Add library="opengl32.lib" />
					<Add library="d3d11.lib" />
					<Add library="comctl32.lib" />
					<Add library="Shlwapi.lib" />
					<Add library="libfbxsdk-md.lib" />
					<Add library="d2d1.lib" />
					<Add library="dwrite.lib" />
					<Add library="windowscodecs.lib" />
					<Add library="dxgi.lib" />
					<Add library="winmm.lib" />
					<Add library="kernel32.lib" />
					<Add library="user32.lib" />
					<Add library="gdi32.lib" />
					<Add library="winspool.lib" />
					<Add library="comdlg32.lib" />
					<Add library="advapi32.lib" />
					<Add library="shell32.lib" />
					<Add library="ole32.lib" />
					<Add library="oleaut32.lib" />
					<Add library="uuid.lib" />
					<Add library="odbc32.lib" />
					<Add library="odbccp32.lib" />
					<Add directory="c:/sdk/Autodesk/FBX/FBX SDK/2014.1/lib/vs2010/x86/release/" />
				</Linker>
			</Target>
		</Build>
		<Unit filename="src/android.cpp">
			<Option virtualFolder="Android/" />
		</Unit>
		<Unit filename="src/android.h">
			<Option virtualFolder="Android/" />
		</Unit>
		<Unit filename="src/entities.cpp">
			<Option virtualFolder="Common/" />
		</Unit>
		<Unit filename="src/entities.h">
			<Option virtualFolder="Common/" />
		</Unit>
		<Unit filename="src/fbxutil.cpp">
			<Option virtualFolder="Common/" />
		</Unit>
		<Unit filename="src/fbxutil.h">
			<Option virtualFolder="Common/" />
		</Unit>
		<Unit filename="src/fbxutil_fbx.cpp">
			<Option virtualFolder="Common/" />
		</Unit>
		<Unit filename="src/imgjpg.cpp">
			<Option virtualFolder="Common/" />
		</Unit>
		<Unit filename="src/imgjpg.h">
			<Option virtualFolder="Common/" />
		</Unit>
		<Unit filename="src/imgpng.cpp">
			<Option virtualFolder="Common/" />
		</Unit>
		<Unit filename="src/imgpng.h">
			<Option virtualFolder="Common/" />
		</Unit>
		<Unit filename="src/imgtga.cpp">
			<Option virtualFolder="Common/" />
		</Unit>
		<Unit filename="src/imgtga.h">
			<Option virtualFolder="Common/" />
		</Unit>
		<Unit filename="src/interfaces.cpp">
			<Option virtualFolder="Common/" />
		</Unit>
		<Unit filename="src/interfaces.h">
			<Option virtualFolder="Common/" />
		</Unit>
		<Unit filename="src/primitives.cpp">
			<Option virtualFolder="Common/" />
		</Unit>
		<Unit filename="src/primitives.h">
			<Option virtualFolder="Common/" />
		</Unit>
		<Unit filename="src/shaders.cpp">
			<Option virtualFolder="Common/" />
		</Unit>
		<Unit filename="src/targets/android/jni/Android.mk">
			<Option virtualFolder="Android/" />
		</Unit>
		<Unit filename="src/targets/android/jni/Application.mk">
			<Option virtualFolder="Android/" />
		</Unit>
		<Unit filename="src/targets/android/src/com/android/Engine/EngineActivity.java">
			<Option compile="0" />
			<Option link="0" />
			<Option virtualFolder="Android/" />
		</Unit>
		<Unit filename="src/targets/android/src/com/android/Engine/EngineLib.java">
			<Option compile="0" />
			<Option link="0" />
			<Option virtualFolder="Android/" />
		</Unit>
		<Unit filename="src/targets/android/src/com/android/Engine/EngineView.java">
			<Option compile="0" />
			<Option link="0" />
			<Option virtualFolder="Android/" />
		</Unit>
		<Unit filename="src/win32.cpp">
			<Option virtualFolder="Win32/" />
		</Unit>
		<Unit filename="src/win32.h">
			<Option virtualFolder="Win32/" />
		</Unit>
		<Extensions>
			<code_completion />
			<envvars />
			<debugger />
		</Extensions>
	</Project>
</CodeBlocks_project_file>
