<?xml version="1.0" encoding="utf-8"?>
<Project ToolsVersion="4.0" xmlns="http://schemas.microsoft.com/developer/msbuild/2003">
  <ItemGroup>
    <ClCompile Include="win32splitter.cpp">
      <Filter>win32</Filter>
    </ClCompile>
    <ClCompile Include="win32containers.cpp">
      <Filter>win32</Filter>
    </ClCompile>
    <ClCompile Include="win32interfaces.cpp">
      <Filter>win32</Filter>
    </ClCompile>
    <ClCompile Include="main.cpp">
      <Filter>win32</Filter>
    </ClCompile>
    <ClCompile Include="matrixstack.cpp">
      <Filter>common</Filter>
    </ClCompile>
    <ClCompile Include="win32openglrenderer.cpp">
      <Filter>win32</Filter>
    </ClCompile>
    <ClCompile Include="primitives.cpp">
      <Filter>common</Filter>
    </ClCompile>
    <ClCompile Include="fbxutil.cpp">
      <Filter>importers</Filter>
    </ClCompile>
    <ClCompile Include="fbxutil_fbx.cpp">
      <Filter>importers</Filter>
    </ClCompile>
    <ClCompile Include="anim.cpp">
      <Filter>common\engine\entities</Filter>
    </ClCompile>
    <ClCompile Include="skin.cpp">
      <Filter>common\engine\entities</Filter>
    </ClCompile>
    <ClCompile Include="bone.cpp">
      <Filter>common\engine\entities</Filter>
    </ClCompile>
    <ClCompile Include="entity.cpp">
      <Filter>common\engine\entities</Filter>
    </ClCompile>
    <ClCompile Include="material.cpp">
      <Filter>common\engine\entities</Filter>
    </ClCompile>
    <ClCompile Include="mesh.cpp">
      <Filter>common\engine\entities</Filter>
    </ClCompile>
    <ClCompile Include="jpgdecoder.cpp">
      <Filter>common\utils</Filter>
    </ClCompile>
    <ClCompile Include="tga_reader.cpp">
      <Filter>common\utils</Filter>
    </ClCompile>
    <ClCompile Include="picopng.cpp">
      <Filter>common\utils</Filter>
    </ClCompile>
    <ClCompile Include="texture.cpp">
      <Filter>common\engine\entities</Filter>
    </ClCompile>
    <ClCompile Include="light.cpp">
      <Filter>common\engine\entities</Filter>
    </ClCompile>
    <ClCompile Include="win32openglshader.cpp">
      <Filter>win32</Filter>
    </ClCompile>
    <ClCompile Include="inputmanager.cpp">
      <Filter>common</Filter>
    </ClCompile>
    <ClCompile Include="shadermanager.cpp">
      <Filter>common\engine</Filter>
    </ClCompile>
    <ClCompile Include="interfaces.cpp">
      <Filter>common</Filter>
    </ClCompile>
  </ItemGroup>
  <ItemGroup>
    <ClInclude Include="win32.h">
      <Filter>win32</Filter>
    </ClInclude>
    <ClInclude Include="win32defines.h">
      <Filter>win32</Filter>
    </ClInclude>
    <ClInclude Include="win32includes.h">
      <Filter>win32</Filter>
    </ClInclude>
    <ClInclude Include="t_datatypes.h">
      <Filter>common</Filter>
    </ClInclude>
    <ClInclude Include="interfaces.h">
      <Filter>common</Filter>
    </ClInclude>
    <ClInclude Include="primitives.h">
      <Filter>common</Filter>
    </ClInclude>
    <ClInclude Include="fbxutil.h">
      <Filter>importers</Filter>
    </ClInclude>
    <ClInclude Include="entities.h">
      <Filter>common\engine\entities</Filter>
    </ClInclude>
    <ClInclude Include="datatypes.h">
      <Filter>common\engine</Filter>
    </ClInclude>
    <ClInclude Include="jpgdecoder.h">
      <Filter>common\utils</Filter>
    </ClInclude>
    <ClInclude Include="tga_reader.h">
      <Filter>common\utils</Filter>
    </ClInclude>
    <ClInclude Include="picopng.h">
      <Filter>common\utils</Filter>
    </ClInclude>
    <ClInclude Include="gui_interfaces.h">
      <Filter>common\gui</Filter>
    </ClInclude>
    <ClInclude Include="shader_data.h">
      <Filter>common</Filter>
    </ClInclude>
    <ClInclude Include="SceneEntitiesResource.h">
      <Filter>win32</Filter>
    </ClInclude>
  </ItemGroup>
  <ItemGroup>
    <Filter Include="win32">
      <UniqueIdentifier>{5aba703e-82ba-43ca-bf63-a319167ebb4e}</UniqueIdentifier>
    </Filter>
    <Filter Include="common">
      <UniqueIdentifier>{d2806868-410b-4883-8b50-03cbaf0154f6}</UniqueIdentifier>
    </Filter>
    <Filter Include="importers">
      <UniqueIdentifier>{47efae74-b238-4d58-bb97-898567eaccca}</UniqueIdentifier>
    </Filter>
    <Filter Include="common\engine">
      <UniqueIdentifier>{03afc731-e880-4f0c-8dc5-6fd120abb848}</UniqueIdentifier>
    </Filter>
    <Filter Include="common\gui">
      <UniqueIdentifier>{21d7ec75-ebfb-4142-86e4-9380cc75c486}</UniqueIdentifier>
    </Filter>
    <Filter Include="common\utils">
      <UniqueIdentifier>{69993e15-d5b4-498d-8310-5ef9c25461dc}</UniqueIdentifier>
    </Filter>
    <Filter Include="common\engine\entities">
      <UniqueIdentifier>{4f6912fb-9bd9-4973-80bf-8ee430229c20}</UniqueIdentifier>
    </Filter>
  </ItemGroup>
  <ItemGroup>
    <ResourceCompile Include="SceneEntitiesResource.rc">
      <Filter>win32</Filter>
    </ResourceCompile>
  </ItemGroup>
</Project>